
Microsoft Visual Studio Solution File, Format Version 12.00
# Visual Studio 14
VisualStudioVersion = 14.0.25420.1
MinimumVisualStudioVersion = 10.0.40219.1
Project("{FAE04EC0-301F-11D3-BF4B-00C04F79EFBC}") = "SimpleMessages.DB", "SimpleMessages.Db\SimpleMessages.DB.csproj", "{029DE0A9-2766-4641-9824-857EC756874B}"
EndProject
Project("{FAE04EC0-301F-11D3-BF4B-00C04F79EFBC}") = "SimpleMessages.Web", "SimpleMessages.Web\SimpleMessages.Web.csproj", "{9E74211D-9AF4-4962-BCEC-F4807EAF1985}"
EndProject
Project("{FAE04EC0-301F-11D3-BF4B-00C04F79EFBC}") = "SimpleMessages.Svc", "SimpleMessages.Svc\SimpleMessages.Svc.csproj", "{2B092E34-37FA-4CF1-8321-7A1363A3A8F2}"
EndProject
Project("{FAE04EC0-301F-11D3-BF4B-00C04F79EFBC}") = "SimpleMessages.Identity", "SimpleMessages.Identity\SimpleMessages.Identity.csproj", "{19D1DBDC-023D-44C6-8426-BAB3D83EDDB5}"
EndProject
Project("{2150E333-8FDC-42A3-9474-1A3956D46DE8}") = "DatabaseBackup", "DatabaseBackup", "{CA24471B-3C4E-4CC0-956C-41C06D0AD69C}"
	ProjectSection(SolutionItems) = preProject
		..\Database\MessagesDb.bak = ..\Database\MessagesDb.bak
	EndProjectSection
EndProject
Global
	GlobalSection(SolutionConfigurationPlatforms) = preSolution
		Debug|Any CPU = Debug|Any CPU
		Release|Any CPU = Release|Any CPU
	EndGlobalSection
	GlobalSection(ProjectConfigurationPlatforms) = postSolution
		{029DE0A9-2766-4641-9824-857EC756874B}.Debug|Any CPU.ActiveCfg = Debug|Any CPU
		{029DE0A9-2766-4641-9824-857EC756874B}.Debug|Any CPU.Build.0 = Debug|Any CPU
		{029DE0A9-2766-4641-9824-857EC756874B}.Release|Any CPU.ActiveCfg = Release|Any CPU
		{029DE0A9-2766-4641-9824-857EC756874B}.Release|Any CPU.Build.0 = Release|Any CPU
		{9E74211D-9AF4-4962-BCEC-F4807EAF1985}.Debug|Any CPU.ActiveCfg = Debug|Any CPU
		{9E74211D-9AF4-4962-BCEC-F4807EAF1985}.Debug|Any CPU.Build.0 = Debug|Any CPU
		{9E74211D-9AF4-4962-BCEC-F4807EAF1985}.Release|Any CPU.ActiveCfg = Release|Any CPU
		{9E74211D-9AF4-4962-BCEC-F4807EAF1985}.Release|Any CPU.Build.0 = Release|Any CPU
		{2B092E34-37FA-4CF1-8321-7A1363A3A8F2}.Debug|Any CPU.ActiveCfg = Debug|Any CPU
		{2B092E34-37FA-4CF1-8321-7A1363A3A8F2}.Debug|Any CPU.Build.0 = Debug|Any CPU
		{2B092E34-37FA-4CF1-8321-7A1363A3A8F2}.Release|Any CPU.ActiveCfg = Release|Any CPU
		{2B092E34-37FA-4CF1-8321-7A1363A3A8F2}.Release|Any CPU.Build.0 = Release|Any CPU
		{19D1DBDC-023D-44C6-8426-BAB3D83EDDB5}.Debug|Any CPU.ActiveCfg = Debug|Any CPU
		{19D1DBDC-023D-44C6-8426-BAB3D83EDDB5}.Debug|Any CPU.Build.0 = Debug|Any CPU
		{19D1DBDC-023D-44C6-8426-BAB3D83EDDB5}.Release|Any CPU.ActiveCfg = Release|Any CPU
		{19D1DBDC-023D-44C6-8426-BAB3D83EDDB5}.Release|Any CPU.Build.0 = Release|Any CPU
	EndGlobalSection
	GlobalSection(SolutionProperties) = preSolution
		HideSolutionNode = FALSE
	EndGlobalSection
EndGlobal
